
Microsoft Visual Studio Solution File, Format Version 12.00
# Visual Studio Version 16
VisualStudioVersion = 16.0.33927.289
MinimumVisualStudioVersion = 10.0.40219.1
Project("{2150E333-8FDC-42A3-9474-1A3956D46DE8}") = "Task0", "Task0", "{682C9D9B-A35E-4D3F-8B64-D0BE65825616}"
EndProject
Project("{FAE04EC0-301F-11D3-BF4B-00C04F79EFBC}") = "Tyuiu.KulakovEE.Sprint2.Task0.V24", "Tyuiu.KulakovEE.Sprint2.Task0.V24\Tyuiu.KulakovEE.Sprint2.Task0.V24.csproj", "{6CC728E8-C65D-480F-9C8E-B6D0B1911E49}"
EndProject
Project("{FAE04EC0-301F-11D3-BF4B-00C04F79EFBC}") = "Tyuiu.KulakovEE.Sprint2.Task0.V24.Lib", "Tyuiu.KulakovEE.Sprint2.Task0.V24.Lib\Tyuiu.KulakovEE.Sprint2.Task0.V24.Lib.csproj", "{03CA9130-3E6B-4C03-9F9F-77917B4EF153}"
EndProject
Project("{FAE04EC0-301F-11D3-BF4B-00C04F79EFBC}") = "Tyuiu.KulakovEE.Sprint2.Task0.V24.Test", "Tyuiu.KulakovEE.Sprint2.Task0.V24.Test\Tyuiu.KulakovEE.Sprint2.Task0.V24.Test.csproj", "{DDAD8224-E0C5-4D54-8263-C4C9708ECF1F}"
EndProject
Project("{2150E333-8FDC-42A3-9474-1A3956D46DE8}") = "Task1", "Task1", "{6A04E64C-BDED-40DF-86B8-D51CBF8734BE}"
EndProject
Project("{FAE04EC0-301F-11D3-BF4B-00C04F79EFBC}") = "Tyuiu.KulakovEE.Sprint2.Task1.V6", "Tyuiu.KulakovEE.Sprint2.Task1.V6\Tyuiu.KulakovEE.Sprint2.Task1.V6.csproj", "{5BDAE02A-2C97-42C8-89B3-46E320B824A2}"
EndProject
Project("{FAE04EC0-301F-11D3-BF4B-00C04F79EFBC}") = "Tyuiu.KulakovEE.Sprint2.Task1.V6.Lib", "Tyuiu.KulakovEE.Sprint2.Task1.V6.Lib\Tyuiu.KulakovEE.Sprint2.Task1.V6.Lib.csproj", "{FE20A4BC-77CF-491E-AB7F-626C143034E6}"
EndProject
Project("{FAE04EC0-301F-11D3-BF4B-00C04F79EFBC}") = "Tyuiu.KulakovEE.Sprint2.Task1.V6.Test", "Tyuiu.KulakovEE.Sprint2.Task1.V6.Test\Tyuiu.KulakovEE.Sprint2.Task1.V6.Test.csproj", "{F4024AF5-1622-4F99-8C62-01D5B5C7500D}"
EndProject
Project("{2150E333-8FDC-42A3-9474-1A3956D46DE8}") = "Task2", "Task2", "{9B962267-3C21-461C-AA5A-2B90B76ECC26}"
EndProject
Project("{FAE04EC0-301F-11D3-BF4B-00C04F79EFBC}") = "Tyuiu.KulakovEE.Sprint2.Task2.V27", "Tyuiu.KulakovEE.Sprint2.Task2.V27\Tyuiu.KulakovEE.Sprint2.Task2.V27.csproj", "{35F2C1A7-938A-4688-BCE0-66B6FC3D4F13}"
EndProject
Project("{FAE04EC0-301F-11D3-BF4B-00C04F79EFBC}") = "Tyuiu.KulakovEE.Sprint2.Task2.V27.Lib", "Tyuiu.KulakovEE.Sprint2.Task2.V27.Lib\Tyuiu.KulakovEE.Sprint2.Task2.V27.Lib.csproj", "{858846AB-34F9-4733-B1ED-FA814422B091}"
EndProject
Project("{FAE04EC0-301F-11D3-BF4B-00C04F79EFBC}") = "Tyuiu.KulakovEE.Sprint2.Task2.V27.Test", "Tyuiu.KulakovEE.Sprint2.Task2.V27.Test\Tyuiu.KulakovEE.Sprint2.Task2.V27.Test.csproj", "{B5C89204-F33D-4E97-AA27-59AFDA71BED2}"
EndProject
Project("{2150E333-8FDC-42A3-9474-1A3956D46DE8}") = "Task3", "Task3", "{FB96BF95-200E-4B90-96D4-C09FF55DC5FD}"
EndProject
Project("{FAE04EC0-301F-11D3-BF4B-00C04F79EFBC}") = "Tyuiu.KulakovEE.Sprint2.Task3.V30", "Tyuiu.KulakovEE.Sprint2.Task3.V30\Tyuiu.KulakovEE.Sprint2.Task3.V30.csproj", "{4EDB7E5A-4626-44DC-B77B-2F6FA4BC4849}"
EndProject
Project("{FAE04EC0-301F-11D3-BF4B-00C04F79EFBC}") = "Tyuiu.KulakovEE.Sprint2.Task3.V30.Lib", "Tyuiu.KulakovEE.Sprint2.Task3.V30.Lib\Tyuiu.KulakovEE.Sprint2.Task3.V30.Lib.csproj", "{BF562657-32D9-4F0A-B2DB-6B65E9ECEC9D}"
EndProject
Project("{FAE04EC0-301F-11D3-BF4B-00C04F79EFBC}") = "Tyuiu.KulakovEE.Sprint2.Task3.V30.Test", "Tyuiu.KulakovEE.Sprint2.Task3.V30.Test\Tyuiu.KulakovEE.Sprint2.Task3.V30.Test.csproj", "{93F86B6D-2A4E-42A7-BC64-23651B5B10C8}"
EndProject
Project("{2150E333-8FDC-42A3-9474-1A3956D46DE8}") = "Task4", "Task4", "{BE6C3EEF-9F6D-49DF-9286-890214A4E1BF}"
EndProject
Project("{FAE04EC0-301F-11D3-BF4B-00C04F79EFBC}") = "Tyuiu.KulakovEE.Sprint2.Task4.V9", "Tyuiu.KulakovEE.Sprint2.Task4.V9\Tyuiu.KulakovEE.Sprint2.Task4.V9.csproj", "{2A20CBD8-A197-4437-B311-8BE7ACD957B2}"
EndProject
Project("{FAE04EC0-301F-11D3-BF4B-00C04F79EFBC}") = "Tyuiu.KulakovEE.Sprint2.Task4.V9.Lib", "Tyuiu.KulakovEE.Sprint2.Task4.V9.Lib\Tyuiu.KulakovEE.Sprint2.Task4.V9.Lib.csproj", "{B7AA0DCD-3466-4A7E-84DE-98A866CA8F23}"
EndProject
Project("{FAE04EC0-301F-11D3-BF4B-00C04F79EFBC}") = "Tyuiu.KulakovEE.Sprint2.Task4.V9.Test", "Tyuiu.KulakovEE.Sprint2.Task4.V9.Test\Tyuiu.KulakovEE.Sprint2.Task4.V9.Test.csproj", "{EA8833B2-F239-4A78-9CCD-1F1923386040}"
EndProject
Project("{2150E333-8FDC-42A3-9474-1A3956D46DE8}") = "Task5", "Task5", "{17EB19A3-8011-41E0-875F-B49F567642FA}"
EndProject
Project("{FAE04EC0-301F-11D3-BF4B-00C04F79EFBC}") = "Tyuiu.KulakovEE.Sprint2.Task5.V6", "Tyuiu.KulakovEE.Sprint2.Task5.V6\Tyuiu.KulakovEE.Sprint2.Task5.V6.csproj", "{9687BFBD-0D9E-40CC-95BF-F86EEA519C7D}"
EndProject
Project("{FAE04EC0-301F-11D3-BF4B-00C04F79EFBC}") = "Tyuiu.KulakovEE.Sprint2.Task5.V6.Test", "Tyuiu.KulakovEE.Sprint2.Task5.V6.Test\Tyuiu.KulakovEE.Sprint2.Task5.V6.Test.csproj", "{C7876042-E78A-4973-BCD2-4A14880B2A9F}"
EndProject
Project("{FAE04EC0-301F-11D3-BF4B-00C04F79EFBC}") = "Tyuiu.KulakovEE.Sprint2.Task5.V6.Lib", "Tyuiu.KulakovEE.Sprint2.Task5.V6.Lib\Tyuiu.KulakovEE.Sprint2.Task5.V6.Lib.csproj", "{5F602504-DA78-495E-B3A2-C7322AE3A002}"
EndProject
Project("{2150E333-8FDC-42A3-9474-1A3956D46DE8}") = "Task6", "Task6", "{F2B3AE00-90BC-4974-A186-75316E9C11A5}"
EndProject
Project("{FAE04EC0-301F-11D3-BF4B-00C04F79EFBC}") = "Tyuiu.KulakovEE.Sprint2.Task6.V11", "Tyuiu.KulakovEE.Sprint2.Task6.V11\Tyuiu.KulakovEE.Sprint2.Task6.V11.csproj", "{89678A2B-F6A9-429D-9681-5F07C9D14331}"
EndProject
Project("{FAE04EC0-301F-11D3-BF4B-00C04F79EFBC}") = "Tyuiu.KulakovEE.Sprint2.Task6.V11.Test", "Tyuiu.KulakovEE.Sprint2.Task6.V11.Test\Tyuiu.KulakovEE.Sprint2.Task6.V11.Test.csproj", "{B462268F-4F88-4781-A43A-79BEB3561A98}"
EndProject
Project("{FAE04EC0-301F-11D3-BF4B-00C04F79EFBC}") = "Tyuiu.KulakovEE.Sprint2.Task6.V11.Lib", "Tyuiu.KulakovEE.Sprint2.Task6.V11.Lib\Tyuiu.KulakovEE.Sprint2.Task6.V11.Lib.csproj", "{A5F05C8B-7C77-4320-874A-23FC65DCD53A}"
EndProject
Global
	GlobalSection(SolutionConfigurationPlatforms) = preSolution
		Debug|Any CPU = Debug|Any CPU
		Release|Any CPU = Release|Any CPU
	EndGlobalSection
	GlobalSection(ProjectConfigurationPlatforms) = postSolution
		{6CC728E8-C65D-480F-9C8E-B6D0B1911E49}.Debug|Any CPU.ActiveCfg = Debug|Any CPU
		{6CC728E8-C65D-480F-9C8E-B6D0B1911E49}.Debug|Any CPU.Build.0 = Debug|Any CPU
		{6CC728E8-C65D-480F-9C8E-B6D0B1911E49}.Release|Any CPU.ActiveCfg = Release|Any CPU
		{6CC728E8-C65D-480F-9C8E-B6D0B1911E49}.Release|Any CPU.Build.0 = Release|Any CPU
		{03CA9130-3E6B-4C03-9F9F-77917B4EF153}.Debug|Any CPU.ActiveCfg = Debug|Any CPU
		{03CA9130-3E6B-4C03-9F9F-77917B4EF153}.Debug|Any CPU.Build.0 = Debug|Any CPU
		{03CA9130-3E6B-4C03-9F9F-77917B4EF153}.Release|Any CPU.ActiveCfg = Release|Any CPU
		{03CA9130-3E6B-4C03-9F9F-77917B4EF153}.Release|Any CPU.Build.0 = Release|Any CPU
		{DDAD8224-E0C5-4D54-8263-C4C9708ECF1F}.Debug|Any CPU.ActiveCfg = Debug|Any CPU
		{DDAD8224-E0C5-4D54-8263-C4C9708ECF1F}.Debug|Any CPU.Build.0 = Debug|Any CPU
		{DDAD8224-E0C5-4D54-8263-C4C9708ECF1F}.Release|Any CPU.ActiveCfg = Release|Any CPU
		{DDAD8224-E0C5-4D54-8263-C4C9708ECF1F}.Release|Any CPU.Build.0 = Release|Any CPU
		{5BDAE02A-2C97-42C8-89B3-46E320B824A2}.Debug|Any CPU.ActiveCfg = Debug|Any CPU
		{5BDAE02A-2C97-42C8-89B3-46E320B824A2}.Debug|Any CPU.Build.0 = Debug|Any CPU
		{5BDAE02A-2C97-42C8-89B3-46E320B824A2}.Release|Any CPU.ActiveCfg = Release|Any CPU
		{5BDAE02A-2C97-42C8-89B3-46E320B824A2}.Release|Any CPU.Build.0 = Release|Any CPU
		{FE20A4BC-77CF-491E-AB7F-626C143034E6}.Debug|Any CPU.ActiveCfg = Debug|Any CPU
		{FE20A4BC-77CF-491E-AB7F-626C143034E6}.Debug|Any CPU.Build.0 = Debug|Any CPU
		{FE20A4BC-77CF-491E-AB7F-626C143034E6}.Release|Any CPU.ActiveCfg = Release|Any CPU
		{FE20A4BC-77CF-491E-AB7F-626C143034E6}.Release|Any CPU.Build.0 = Release|Any CPU
		{F4024AF5-1622-4F99-8C62-01D5B5C7500D}.Debug|Any CPU.ActiveCfg = Debug|Any CPU
		{F4024AF5-1622-4F99-8C62-01D5B5C7500D}.Debug|Any CPU.Build.0 = Debug|Any CPU
		{F4024AF5-1622-4F99-8C62-01D5B5C7500D}.Release|Any CPU.ActiveCfg = Release|Any CPU
		{F4024AF5-1622-4F99-8C62-01D5B5C7500D}.Release|Any CPU.Build.0 = Release|Any CPU
		{35F2C1A7-938A-4688-BCE0-66B6FC3D4F13}.Debug|Any CPU.ActiveCfg = Debug|Any CPU
		{35F2C1A7-938A-4688-BCE0-66B6FC3D4F13}.Debug|Any CPU.Build.0 = Debug|Any CPU
		{35F2C1A7-938A-4688-BCE0-66B6FC3D4F13}.Release|Any CPU.ActiveCfg = Release|Any CPU
		{35F2C1A7-938A-4688-BCE0-66B6FC3D4F13}.Release|Any CPU.Build.0 = Release|Any CPU
		{858846AB-34F9-4733-B1ED-FA814422B091}.Debug|Any CPU.ActiveCfg = Debug|Any CPU
		{858846AB-34F9-4733-B1ED-FA814422B091}.Debug|Any CPU.Build.0 = Debug|Any CPU
		{858846AB-34F9-4733-B1ED-FA814422B091}.Release|Any CPU.ActiveCfg = Release|Any CPU
		{858846AB-34F9-4733-B1ED-FA814422B091}.Release|Any CPU.Build.0 = Release|Any CPU
		{B5C89204-F33D-4E97-AA27-59AFDA71BED2}.Debug|Any CPU.ActiveCfg = Debug|Any CPU
		{B5C89204-F33D-4E97-AA27-59AFDA71BED2}.Debug|Any CPU.Build.0 = Debug|Any CPU
		{B5C89204-F33D-4E97-AA27-59AFDA71BED2}.Release|Any CPU.ActiveCfg = Release|Any CPU
		{B5C89204-F33D-4E97-AA27-59AFDA71BED2}.Release|Any CPU.Build.0 = Release|Any CPU
		{4EDB7E5A-4626-44DC-B77B-2F6FA4BC4849}.Debug|Any CPU.ActiveCfg = Debug|Any CPU
		{4EDB7E5A-4626-44DC-B77B-2F6FA4BC4849}.Debug|Any CPU.Build.0 = Debug|Any CPU
		{4EDB7E5A-4626-44DC-B77B-2F6FA4BC4849}.Release|Any CPU.ActiveCfg = Release|Any CPU
		{4EDB7E5A-4626-44DC-B77B-2F6FA4BC4849}.Release|Any CPU.Build.0 = Release|Any CPU
		{BF562657-32D9-4F0A-B2DB-6B65E9ECEC9D}.Debug|Any CPU.ActiveCfg = Debug|Any CPU
		{BF562657-32D9-4F0A-B2DB-6B65E9ECEC9D}.Debug|Any CPU.Build.0 = Debug|Any CPU
		{BF562657-32D9-4F0A-B2DB-6B65E9ECEC9D}.Release|Any CPU.ActiveCfg = Release|Any CPU
		{BF562657-32D9-4F0A-B2DB-6B65E9ECEC9D}.Release|Any CPU.Build.0 = Release|Any CPU
		{93F86B6D-2A4E-42A7-BC64-23651B5B10C8}.Debug|Any CPU.ActiveCfg = Debug|Any CPU
		{93F86B6D-2A4E-42A7-BC64-23651B5B10C8}.Debug|Any CPU.Build.0 = Debug|Any CPU
		{93F86B6D-2A4E-42A7-BC64-23651B5B10C8}.Release|Any CPU.ActiveCfg = Release|Any CPU
		{93F86B6D-2A4E-42A7-BC64-23651B5B10C8}.Release|Any CPU.Build.0 = Release|Any CPU
		{2A20CBD8-A197-4437-B311-8BE7ACD957B2}.Debug|Any CPU.ActiveCfg = Debug|Any CPU
		{2A20CBD8-A197-4437-B311-8BE7ACD957B2}.Debug|Any CPU.Build.0 = Debug|Any CPU
		{2A20CBD8-A197-4437-B311-8BE7ACD957B2}.Release|Any CPU.ActiveCfg = Release|Any CPU
		{2A20CBD8-A197-4437-B311-8BE7ACD957B2}.Release|Any CPU.Build.0 = Release|Any CPU
		{B7AA0DCD-3466-4A7E-84DE-98A866CA8F23}.Debug|Any CPU.ActiveCfg = Debug|Any CPU
		{B7AA0DCD-3466-4A7E-84DE-98A866CA8F23}.Debug|Any CPU.Build.0 = Debug|Any CPU
		{B7AA0DCD-3466-4A7E-84DE-98A866CA8F23}.Release|Any CPU.ActiveCfg = Release|Any CPU
		{B7AA0DCD-3466-4A7E-84DE-98A866CA8F23}.Release|Any CPU.Build.0 = Release|Any CPU
		{EA8833B2-F239-4A78-9CCD-1F1923386040}.Debug|Any CPU.ActiveCfg = Debug|Any CPU
		{EA8833B2-F239-4A78-9CCD-1F1923386040}.Debug|Any CPU.Build.0 = Debug|Any CPU
		{EA8833B2-F239-4A78-9CCD-1F1923386040}.Release|Any CPU.ActiveCfg = Release|Any CPU
		{EA8833B2-F239-4A78-9CCD-1F1923386040}.Release|Any CPU.Build.0 = Release|Any CPU
		{9687BFBD-0D9E-40CC-95BF-F86EEA519C7D}.Debug|Any CPU.ActiveCfg = Debug|Any CPU
		{9687BFBD-0D9E-40CC-95BF-F86EEA519C7D}.Debug|Any CPU.Build.0 = Debug|Any CPU
		{9687BFBD-0D9E-40CC-95BF-F86EEA519C7D}.Release|Any CPU.ActiveCfg = Release|Any CPU
		{9687BFBD-0D9E-40CC-95BF-F86EEA519C7D}.Release|Any CPU.Build.0 = Release|Any CPU
		{C7876042-E78A-4973-BCD2-4A14880B2A9F}.Debug|Any CPU.ActiveCfg = Debug|Any CPU
		{C7876042-E78A-4973-BCD2-4A14880B2A9F}.Debug|Any CPU.Build.0 = Debug|Any CPU
		{C7876042-E78A-4973-BCD2-4A14880B2A9F}.Release|Any CPU.ActiveCfg = Release|Any CPU
		{C7876042-E78A-4973-BCD2-4A14880B2A9F}.Release|Any CPU.Build.0 = Release|Any CPU
		{5F602504-DA78-495E-B3A2-C7322AE3A002}.Debug|Any CPU.ActiveCfg = Debug|Any CPU
		{5F602504-DA78-495E-B3A2-C7322AE3A002}.Debug|Any CPU.Build.0 = Debug|Any CPU
		{5F602504-DA78-495E-B3A2-C7322AE3A002}.Release|Any CPU.ActiveCfg = Release|Any CPU
		{5F602504-DA78-495E-B3A2-C7322AE3A002}.Release|Any CPU.Build.0 = Release|Any CPU
		{89678A2B-F6A9-429D-9681-5F07C9D14331}.Debug|Any CPU.ActiveCfg = Debug|Any CPU
		{89678A2B-F6A9-429D-9681-5F07C9D14331}.Debug|Any CPU.Build.0 = Debug|Any CPU
		{89678A2B-F6A9-429D-9681-5F07C9D14331}.Release|Any CPU.ActiveCfg = Release|Any CPU
		{89678A2B-F6A9-429D-9681-5F07C9D14331}.Release|Any CPU.Build.0 = Release|Any CPU
		{B462268F-4F88-4781-A43A-79BEB3561A98}.Debug|Any CPU.ActiveCfg = Debug|Any CPU
		{B462268F-4F88-4781-A43A-79BEB3561A98}.Debug|Any CPU.Build.0 = Debug|Any CPU
		{B462268F-4F88-4781-A43A-79BEB3561A98}.Release|Any CPU.ActiveCfg = Release|Any CPU
		{B462268F-4F88-4781-A43A-79BEB3561A98}.Release|Any CPU.Build.0 = Release|Any CPU
		{A5F05C8B-7C77-4320-874A-23FC65DCD53A}.Debug|Any CPU.ActiveCfg = Debug|Any CPU
		{A5F05C8B-7C77-4320-874A-23FC65DCD53A}.Debug|Any CPU.Build.0 = Debug|Any CPU
		{A5F05C8B-7C77-4320-874A-23FC65DCD53A}.Release|Any CPU.ActiveCfg = Release|Any CPU
		{A5F05C8B-7C77-4320-874A-23FC65DCD53A}.Release|Any CPU.Build.0 = Release|Any CPU
	EndGlobalSection
	GlobalSection(SolutionProperties) = preSolution
		HideSolutionNode = FALSE
	EndGlobalSection
	GlobalSection(NestedProjects) = preSolution
		{6CC728E8-C65D-480F-9C8E-B6D0B1911E49} = {682C9D9B-A35E-4D3F-8B64-D0BE65825616}
		{03CA9130-3E6B-4C03-9F9F-77917B4EF153} = {682C9D9B-A35E-4D3F-8B64-D0BE65825616}
		{DDAD8224-E0C5-4D54-8263-C4C9708ECF1F} = {682C9D9B-A35E-4D3F-8B64-D0BE65825616}
		{5BDAE02A-2C97-42C8-89B3-46E320B824A2} = {6A04E64C-BDED-40DF-86B8-D51CBF8734BE}
		{FE20A4BC-77CF-491E-AB7F-626C143034E6} = {6A04E64C-BDED-40DF-86B8-D51CBF8734BE}
		{F4024AF5-1622-4F99-8C62-01D5B5C7500D} = {6A04E64C-BDED-40DF-86B8-D51CBF8734BE}
		{35F2C1A7-938A-4688-BCE0-66B6FC3D4F13} = {9B962267-3C21-461C-AA5A-2B90B76ECC26}
		{858846AB-34F9-4733-B1ED-FA814422B091} = {9B962267-3C21-461C-AA5A-2B90B76ECC26}
		{B5C89204-F33D-4E97-AA27-59AFDA71BED2} = {9B962267-3C21-461C-AA5A-2B90B76ECC26}
		{4EDB7E5A-4626-44DC-B77B-2F6FA4BC4849} = {FB96BF95-200E-4B90-96D4-C09FF55DC5FD}
		{BF562657-32D9-4F0A-B2DB-6B65E9ECEC9D} = {FB96BF95-200E-4B90-96D4-C09FF55DC5FD}
		{93F86B6D-2A4E-42A7-BC64-23651B5B10C8} = {FB96BF95-200E-4B90-96D4-C09FF55DC5FD}
		{2A20CBD8-A197-4437-B311-8BE7ACD957B2} = {BE6C3EEF-9F6D-49DF-9286-890214A4E1BF}
		{B7AA0DCD-3466-4A7E-84DE-98A866CA8F23} = {BE6C3EEF-9F6D-49DF-9286-890214A4E1BF}
		{EA8833B2-F239-4A78-9CCD-1F1923386040} = {BE6C3EEF-9F6D-49DF-9286-890214A4E1BF}
		{9687BFBD-0D9E-40CC-95BF-F86EEA519C7D} = {17EB19A3-8011-41E0-875F-B49F567642FA}
		{C7876042-E78A-4973-BCD2-4A14880B2A9F} = {17EB19A3-8011-41E0-875F-B49F567642FA}
		{5F602504-DA78-495E-B3A2-C7322AE3A002} = {17EB19A3-8011-41E0-875F-B49F567642FA}
		{89678A2B-F6A9-429D-9681-5F07C9D14331} = {F2B3AE00-90BC-4974-A186-75316E9C11A5}
		{B462268F-4F88-4781-A43A-79BEB3561A98} = {F2B3AE00-90BC-4974-A186-75316E9C11A5}
		{A5F05C8B-7C77-4320-874A-23FC65DCD53A} = {F2B3AE00-90BC-4974-A186-75316E9C11A5}
	EndGlobalSection
	GlobalSection(ExtensibilityGlobals) = postSolution
		SolutionGuid = {A113537C-69E1-4BEB-B531-627FA4CC7760}
	EndGlobalSection
EndGlobal
